
Microsoft Visual Studio Solution File, Format Version 12.00
# Visual Studio Version 17
VisualStudioVersion = 17.0.31903.59
MinimumVisualStudioVersion = 10.0.40219.1
Project("{FAE04EC0-301F-11D3-BF4B-00C04F79EFBC}") = "BankingSystem.API", "BankingSystem.API\BankingSystem.API.csproj", "{5F6796FA-0307-40D2-9EE3-08D0A655FB4B}"
EndProject
Project("{FAE04EC0-301F-11D3-BF4B-00C04F79EFBC}") = "BankingSystem.Core", "BankingSystem.Core\BankingSystem.Core.csproj", "{693541A6-302A-4969-BF9D-F26422D0ABCE}"
EndProject
Project("{FAE04EC0-301F-11D3-BF4B-00C04F79EFBC}") = "BankingSystem.Data", "BankingSystem.Data\BankingSystem.Data.csproj", "{694B3128-9DE5-4B71-8543-4AE7A7277665}"
EndProject
Project("{FAE04EC0-301F-11D3-BF4B-00C04F79EFBC}") = "BankingSystem.Security", "BankingSystem.Security\BankingSystem.Security.csproj", "{D2712403-EDA5-4D20-9779-1C44E2D73C1A}"
EndProject
Global
	GlobalSection(SolutionConfigurationPlatforms) = preSolution
		Debug|Any CPU = Debug|Any CPU
		Debug|x64 = Debug|x64
		Debug|x86 = Debug|x86
		Release|Any CPU = Release|Any CPU
		Release|x64 = Release|x64
		Release|x86 = Release|x86
	EndGlobalSection
	GlobalSection(ProjectConfigurationPlatforms) = postSolution
		{5F6796FA-0307-40D2-9EE3-08D0A655FB4B}.Debug|Any CPU.ActiveCfg = Debug|Any CPU
		{5F6796FA-0307-40D2-9EE3-08D0A655FB4B}.Debug|Any CPU.Build.0 = Debug|Any CPU
		{5F6796FA-0307-40D2-9EE3-08D0A655FB4B}.Debug|x64.ActiveCfg = Debug|Any CPU
		{5F6796FA-0307-40D2-9EE3-08D0A655FB4B}.Debug|x64.Build.0 = Debug|Any CPU
		{5F6796FA-0307-40D2-9EE3-08D0A655FB4B}.Debug|x86.ActiveCfg = Debug|Any CPU
		{5F6796FA-0307-40D2-9EE3-08D0A655FB4B}.Debug|x86.Build.0 = Debug|Any CPU
		{5F6796FA-0307-40D2-9EE3-08D0A655FB4B}.Release|Any CPU.ActiveCfg = Release|Any CPU
		{5F6796FA-0307-40D2-9EE3-08D0A655FB4B}.Release|Any CPU.Build.0 = Release|Any CPU
		{5F6796FA-0307-40D2-9EE3-08D0A655FB4B}.Release|x64.ActiveCfg = Release|Any CPU
		{5F6796FA-0307-40D2-9EE3-08D0A655FB4B}.Release|x64.Build.0 = Release|Any CPU
		{5F6796FA-0307-40D2-9EE3-08D0A655FB4B}.Release|x86.ActiveCfg = Release|Any CPU
		{5F6796FA-0307-40D2-9EE3-08D0A655FB4B}.Release|x86.Build.0 = Release|Any CPU
		{693541A6-302A-4969-BF9D-F26422D0ABCE}.Debug|Any CPU.ActiveCfg = Debug|Any CPU
		{693541A6-302A-4969-BF9D-F26422D0ABCE}.Debug|Any CPU.Build.0 = Debug|Any CPU
		{693541A6-302A-4969-BF9D-F26422D0ABCE}.Debug|x64.ActiveCfg = Debug|Any CPU
		{693541A6-302A-4969-BF9D-F26422D0ABCE}.Debug|x64.Build.0 = Debug|Any CPU
		{693541A6-302A-4969-BF9D-F26422D0ABCE}.Debug|x86.ActiveCfg = Debug|Any CPU
		{693541A6-302A-4969-BF9D-F26422D0ABCE}.Debug|x86.Build.0 = Debug|Any CPU
		{693541A6-302A-4969-BF9D-F26422D0ABCE}.Release|Any CPU.ActiveCfg = Release|Any CPU
		{693541A6-302A-4969-BF9D-F26422D0ABCE}.Release|Any CPU.Build.0 = Release|Any CPU
		{693541A6-302A-4969-BF9D-F26422D0ABCE}.Release|x64.ActiveCfg = Release|Any CPU
		{693541A6-302A-4969-BF9D-F26422D0ABCE}.Release|x64.Build.0 = Release|Any CPU
		{693541A6-302A-4969-BF9D-F26422D0ABCE}.Release|x86.ActiveCfg = Release|Any CPU
		{693541A6-302A-4969-BF9D-F26422D0ABCE}.Release|x86.Build.0 = Release|Any CPU
		{694B3128-9DE5-4B71-8543-4AE7A7277665}.Debug|Any CPU.ActiveCfg = Debug|Any CPU
		{694B3128-9DE5-4B71-8543-4AE7A7277665}.Debug|Any CPU.Build.0 = Debug|Any CPU
		{694B3128-9DE5-4B71-8543-4AE7A7277665}.Debug|x64.ActiveCfg = Debug|Any CPU
		{694B3128-9DE5-4B71-8543-4AE7A7277665}.Debug|x64.Build.0 = Debug|Any CPU
		{694B3128-9DE5-4B71-8543-4AE7A7277665}.Debug|x86.ActiveCfg = Debug|Any CPU
		{694B3128-9DE5-4B71-8543-4AE7A7277665}.Debug|x86.Build.0 = Debug|Any CPU
		{694B3128-9DE5-4B71-8543-4AE7A7277665}.Release|Any CPU.ActiveCfg = Release|Any CPU
		{694B3128-9DE5-4B71-8543-4AE7A7277665}.Release|Any CPU.Build.0 = Release|Any CPU
		{694B3128-9DE5-4B71-8543-4AE7A7277665}.Release|x64.ActiveCfg = Release|Any CPU
		{694B3128-9DE5-4B71-8543-4AE7A7277665}.Release|x64.Build.0 = Release|Any CPU
		{694B3128-9DE5-4B71-8543-4AE7A7277665}.Release|x86.ActiveCfg = Release|Any CPU
		{694B3128-9DE5-4B71-8543-4AE7A7277665}.Release|x86.Build.0 = Release|Any CPU
		{D2712403-EDA5-4D20-9779-1C44E2D73C1A}.Debug|Any CPU.ActiveCfg = Debug|Any CPU
		{D2712403-EDA5-4D20-9779-1C44E2D73C1A}.Debug|Any CPU.Build.0 = Debug|Any CPU
		{D2712403-EDA5-4D20-9779-1C44E2D73C1A}.Debug|x64.ActiveCfg = Debug|Any CPU
		{D2712403-EDA5-4D20-9779-1C44E2D73C1A}.Debug|x64.Build.0 = Debug|Any CPU
		{D2712403-EDA5-4D20-9779-1C44E2D73C1A}.Debug|x86.ActiveCfg = Debug|Any CPU
		{D2712403-EDA5-4D20-9779-1C44E2D73C1A}.Debug|x86.Build.0 = Debug|Any CPU
		{D2712403-EDA5-4D20-9779-1C44E2D73C1A}.Release|Any CPU.ActiveCfg = Release|Any CPU
		{D2712403-EDA5-4D20-9779-1C44E2D73C1A}.Release|Any CPU.Build.0 = Release|Any CPU
		{D2712403-EDA5-4D20-9779-1C44E2D73C1A}.Release|x64.ActiveCfg = Release|Any CPU
		{D2712403-EDA5-4D20-9779-1C44E2D73C1A}.Release|x64.Build.0 = Release|Any CPU
		{D2712403-EDA5-4D20-9779-1C44E2D73C1A}.Release|x86.ActiveCfg = Release|Any CPU
		{D2712403-EDA5-4D20-9779-1C44E2D73C1A}.Release|x86.Build.0 = Release|Any CPU
	EndGlobalSection
	GlobalSection(SolutionProperties) = preSolution
		HideSolutionNode = FALSE
	EndGlobalSection
EndGlobal
